
Microsoft Visual Studio Solution File, Format Version 12.00
# Visual Studio Version 17
VisualStudioVersion = 17.9.34723.18
MinimumVisualStudioVersion = 10.0.40219.1
Project("{FAE04EC0-301F-11D3-BF4B-00C04F79EFBC}") = "ProductManager", "AminRasoulFinal\ProductManager.csproj", "{8B871029-82A6-40D4-BFA5-F7B7B1817A64}"
EndProject
Global
	GlobalSection(SolutionConfigurationPlatforms) = preSolution
		Debug|Any CPU = Debug|Any CPU
		Release|Any CPU = Release|Any CPU
	EndGlobalSection
	GlobalSection(ProjectConfigurationPlatforms) = postSolution
		{8B871029-82A6-40D4-BFA5-F7B7B1817A64}.Debug|Any CPU.ActiveCfg = Debug|Any CPU
		{8B871029-82A6-40D4-BFA5-F7B7B1817A64}.Debug|Any CPU.Build.0 = Debug|Any CPU
		{8B871029-82A6-40D4-BFA5-F7B7B1817A64}.Release|Any CPU.ActiveCfg = Release|Any CPU
		{8B871029-82A6-40D4-BFA5-F7B7B1817A64}.Release|Any CPU.Build.0 = Release|Any CPU
	EndGlobalSection
	GlobalSection(SolutionProperties) = preSolution
		HideSolutionNode = FALSE
	EndGlobalSection
	GlobalSection(ExtensibilityGlobals) = postSolution
		SolutionGuid = {C1FFDD31-932E-471B-AA67-6C91709986BE}
	EndGlobalSection
EndGlobal
